
Microsoft Visual Studio Solution File, Format Version 12.00
# Visual Studio Version 16
VisualStudioVersion = 16.0.29509.3
MinimumVisualStudioVersion = 10.0.40219.1
Project("{FAE04EC0-301F-11D3-BF4B-00C04F79EFBC}") = "GOFFactoryMethod", "GOFFactoryMethod\GOFFactoryMethod.csproj", "{254AADE3-2C97-4994-B164-026F76FFF473}"
EndProject
Global
	GlobalSection(SolutionConfigurationPlatforms) = preSolution
		Debug|Any CPU = Debug|Any CPU
		Release|Any CPU = Release|Any CPU
	EndGlobalSection
	GlobalSection(ProjectConfigurationPlatforms) = postSolution
		{254AADE3-2C97-4994-B164-026F76FFF473}.Debug|Any CPU.ActiveCfg = Debug|Any CPU
		{254AADE3-2C97-4994-B164-026F76FFF473}.Debug|Any CPU.Build.0 = Debug|Any CPU
		{254AADE3-2C97-4994-B164-026F76FFF473}.Release|Any CPU.ActiveCfg = Release|Any CPU
		{254AADE3-2C97-4994-B164-026F76FFF473}.Release|Any CPU.Build.0 = Release|Any CPU
	EndGlobalSection
	GlobalSection(SolutionProperties) = preSolution
		HideSolutionNode = FALSE
	EndGlobalSection
	GlobalSection(ExtensibilityGlobals) = postSolution
		SolutionGuid = {A1C94D0D-F720-4CF9-9D9E-0DFD53883077}
	EndGlobalSection
EndGlobal
